# @generated - this file is auto-generated by `mise lock` https://mise.jdx.dev/dev-tools/mise-lock.html

lockfile_version = 2

[[tools.actionlint]]
version = "1.7.12"
backend = "aqua:rhysd/actionlint"
specifiers = ["latest"]

[tools.actionlint."platforms.linux-arm64"]
checksum = "sha256:325e971b6ba9bfa504672e29be93c24981eeb1c07576d730e9f7c8805afff0c6"
url = "https://github.com/rhysd/actionlint/releases/download/v1.7.12/actionlint_1.7.12_linux_arm64.tar.gz"
url_api = "https://api.github.com/repos/rhysd/actionlint/releases/assets/384924897"
provenance = "github-attestations"

[tools.actionlint."platforms.linux-arm64-musl"]
checksum = "sha256:325e971b6ba9bfa504672e29be93c24981eeb1c07576d730e9f7c8805afff0c6"
url = "https://github.com/rhysd/actionlint/releases/download/v1.7.12/actionlint_1.7.12_linux_arm64.tar.gz"
url_api = "https://api.github.com/repos/rhysd/actionlint/releases/assets/384924897"
provenance = "github-attestations"

[tools.actionlint."platforms.linux-x64"]
checksum = "sha256:8aca8db96f1b94770f1b0d72b6dddcb1ebb8123cb3712530b08cc387b349a3d8"
url = "https://github.com/rhysd/actionlint/releases/download/v1.7.12/actionlint_1.7.12_linux_amd64.tar.gz"
url_api = "https://api.github.com/repos/rhysd/actionlint/releases/assets/384924896"
provenance = "github-attestations"

[tools.actionlint."platforms.linux-x64-musl"]
checksum = "sha256:8aca8db96f1b94770f1b0d72b6dddcb1ebb8123cb3712530b08cc387b349a3d8"
url = "https://github.com/rhysd/actionlint/releases/download/v1.7.12/actionlint_1.7.12_linux_amd64.tar.gz"
url_api = "https://api.github.com/repos/rhysd/actionlint/releases/assets/384924896"
provenance = "github-attestations"

[tools.actionlint."platforms.macos-arm64"]
checksum = "sha256:aba9ced2dee8d27fecca3dc7feb1a7f9a52caefa1eb46f3271ea66b6e0e6953f"
url = "https://github.com/rhysd/actionlint/releases/download/v1.7.12/actionlint_1.7.12_darwin_arm64.tar.gz"
url_api = "https://api.github.com/repos/rhysd/actionlint/releases/assets/384924893"
provenance = "github-attestations"

[tools.actionlint."platforms.macos-x64"]
checksum = "sha256:5b44c3bc2255115c9b69e30efc0fecdf498fdb63c5d58e17084fd5f16324c644"
url = "https://github.com/rhysd/actionlint/releases/download/v1.7.12/actionlint_1.7.12_darwin_amd64.tar.gz"
url_api = "https://api.github.com/repos/rhysd/actionlint/releases/assets/384924880"
provenance = "github-attestations"

[tools.actionlint."platforms.windows-x64"]
checksum = "sha256:6e7241b51e6817ea6a047693d8e6fed13b31819c9a0dd6c5a726e1592d22f6e9"
url = "https://github.com/rhysd/actionlint/releases/download/v1.7.12/actionlint_1.7.12_windows_amd64.zip"
url_api = "https://api.github.com/repos/rhysd/actionlint/releases/assets/384924919"
provenance = "github-attestations"

[[tools."aqua:Tyrrrz/FFmpegBin"]]
version = "9.0.2"
backend = "aqua:Tyrrrz/FFmpegBin"
specifiers = ["latest"]

[tools."aqua:Tyrrrz/FFmpegBin"."platforms.linux-arm64"]
checksum = "sha256:4d756cbae5e3c4af824956325f9d3fb5b624791ae692dc719703cf54991dc67b"
url = "https://github.com/Tyrrrz/FFmpegBin/releases/download/9.0.2/ffmpeg-linux-arm64.zip"
url_api = "https://api.github.com/repos/Tyrrrz/FFmpegBin/releases/assets/575572364"

[tools."aqua:Tyrrrz/FFmpegBin"."platforms.linux-arm64-musl"]
checksum = "sha256:4d756cbae5e3c4af824956325f9d3fb5b624791ae692dc719703cf54991dc67b"
url = "https://github.com/Tyrrrz/FFmpegBin/releases/download/9.0.2/ffmpeg-linux-arm64.zip"
url_api = "https://api.github.com/repos/Tyrrrz/FFmpegBin/releases/assets/575572364"

[tools."aqua:Tyrrrz/FFmpegBin"."platforms.linux-x64"]
checksum = "sha256:2483332318255c1001facbc6a6bf91941e5f35651bf8b7d4cfd768e1da18567f"
url = "https://github.com/Tyrrrz/FFmpegBin/releases/download/9.0.2/ffmpeg-linux-x64.zip"
url_api = "https://api.github.com/repos/Tyrrrz/FFmpegBin/releases/assets/575572487"

[tools."aqua:Tyrrrz/FFmpegBin"."platforms.linux-x64-musl"]
checksum = "sha256:2483332318255c1001facbc6a6bf91941e5f35651bf8b7d4cfd768e1da18567f"
url = "https://github.com/Tyrrrz/FFmpegBin/releases/download/9.0.2/ffmpeg-linux-x64.zip"
url_api = "https://api.github.com/repos/Tyrrrz/FFmpegBin/releases/assets/575572487"

[tools."aqua:Tyrrrz/FFmpegBin"."platforms.macos-arm64"]
checksum = "sha256:7d22a2893ccd761c3b4214165975e306d6c85c1de188f79f7e2723070c0006e4"
url = "https://github.com/Tyrrrz/FFmpegBin/releases/download/9.0.2/ffmpeg-osx-arm64.zip"
url_api = "https://api.github.com/repos/Tyrrrz/FFmpegBin/releases/assets/575572273"

[tools."aqua:Tyrrrz/FFmpegBin"."platforms.macos-x64"]
checksum = "sha256:e1938c2df4024c13eeef068f5561e7782ec4003b3f40b428065147e40b92e9a0"
url = "https://github.com/Tyrrrz/FFmpegBin/releases/download/9.0.2/ffmpeg-osx-x64.zip"
url_api = "https://api.github.com/repos/Tyrrrz/FFmpegBin/releases/assets/575572310"

[tools."aqua:Tyrrrz/FFmpegBin"."platforms.windows-x64"]
checksum = "sha256:bcc61c7027eefbed7d87af0a619ce8e6c4a5c5f8bb0d31a2acec8fe7ed749850"
url = "https://github.com/Tyrrrz/FFmpegBin/releases/download/9.0.2/ffmpeg-windows-x64.zip"
url_api = "https://api.github.com/repos/Tyrrrz/FFmpegBin/releases/assets/575572218"

[[tools.betterleaks]]
version = "1.8.1"
backend = "aqua:betterleaks/betterleaks"
specifiers = ["latest"]

[tools.betterleaks."platforms.linux-arm64"]
checksum = "sha256:bbb578b12a2f65d7082ab436abf37724232bc71d8a078e3c41336574420f1b48"
url = "https://github.com/betterleaks/betterleaks/releases/download/v1.8.1/betterleaks_1.8.1_linux_arm64.tar.gz"
url_api = "https://api.github.com/repos/betterleaks/betterleaks/releases/assets/519981771"
provenance = "cosign"

[tools.betterleaks."platforms.linux-arm64-musl"]
checksum = "sha256:bbb578b12a2f65d7082ab436abf37724232bc71d8a078e3c41336574420f1b48"
url = "https://github.com/betterleaks/betterleaks/releases/download/v1.8.1/betterleaks_1.8.1_linux_arm64.tar.gz"
url_api = "https://api.github.com/repos/betterleaks/betterleaks/releases/assets/519981771"
provenance = "cosign"

[tools.betterleaks."platforms.linux-x64"]
checksum = "sha256:efa407244e1ea8e35f582b8a42becdeac08bdead04f68eb752adda722d583c2a"
url = "https://github.com/betterleaks/betterleaks/releases/download/v1.8.1/betterleaks_1.8.1_linux_x64.tar.gz"
url_api = "https://api.github.com/repos/betterleaks/betterleaks/releases/assets/519981768"
provenance = "cosign"

[tools.betterleaks."platforms.linux-x64-musl"]
checksum = "sha256:efa407244e1ea8e35f582b8a42becdeac08bdead04f68eb752adda722d583c2a"
url = "https://github.com/betterleaks/betterleaks/releases/download/v1.8.1/betterleaks_1.8.1_linux_x64.tar.gz"
url_api = "https://api.github.com/repos/betterleaks/betterleaks/releases/assets/519981768"
provenance = "cosign"

[tools.betterleaks."platforms.macos-arm64"]
checksum = "sha256:8e80f33b5f2a7426b390347b9fd466033723cb94b6bdffa7572632e2eaec964e"
url = "https://github.com/betterleaks/betterleaks/releases/download/v1.8.1/betterleaks_1.8.1_darwin_arm64.tar.gz"
url_api = "https://api.github.com/repos/betterleaks/betterleaks/releases/assets/519981770"
provenance = "cosign"

[tools.betterleaks."platforms.macos-x64"]
checksum = "sha256:6abc37df76f881cffae406aa2cec72bea6e6ae64b4e771b3ed21b4aac472ed10"
url = "https://github.com/betterleaks/betterleaks/releases/download/v1.8.1/betterleaks_1.8.1_darwin_x64.tar.gz"
url_api = "https://api.github.com/repos/betterleaks/betterleaks/releases/assets/519981772"
provenance = "cosign"

[tools.betterleaks."platforms.windows-x64"]
checksum = "sha256:94310d028285a1bcce7f160bc19eb62f87de6460c95bfd4319151ef5b501ed3f"
url = "https://github.com/betterleaks/betterleaks/releases/download/v1.8.1/betterleaks_1.8.1_windows_x64.zip"
url_api = "https://api.github.com/repos/betterleaks/betterleaks/releases/assets/519981798"
provenance = "cosign"

[[tools.caddy]]
version = "2.11.4"
backend = "aqua:caddyserver/caddy"
specifiers = ["latest"]

[tools.caddy."platforms.linux-arm64"]
checksum = "sha256:52d42ae12b3462097e9868da6dfed3c9648ae12edd3b3638102312af84cb6904"
url = "https://github.com/caddyserver/caddy/releases/download/v2.11.4/caddy_2.11.4_linux_arm64.tar.gz"
url_api = "https://api.github.com/repos/caddyserver/caddy/releases/assets/436912318"

[tools.caddy."platforms.linux-arm64-musl"]
checksum = "sha256:52d42ae12b3462097e9868da6dfed3c9648ae12edd3b3638102312af84cb6904"
url = "https://github.com/caddyserver/caddy/releases/download/v2.11.4/caddy_2.11.4_linux_arm64.tar.gz"
url_api = "https://api.github.com/repos/caddyserver/caddy/releases/assets/436912318"

[tools.caddy."platforms.linux-x64"]
checksum = "sha256:527fbf917c39189a1e3b31d34fa955601680b2d5c8055d2a87b8b9588dec7bb9"
url = "https://github.com/caddyserver/caddy/releases/download/v2.11.4/caddy_2.11.4_linux_amd64.tar.gz"
url_api = "https://api.github.com/repos/caddyserver/caddy/releases/assets/436912315"

[tools.caddy."platforms.linux-x64-musl"]
checksum = "sha256:527fbf917c39189a1e3b31d34fa955601680b2d5c8055d2a87b8b9588dec7bb9"
url = "https://github.com/caddyserver/caddy/releases/download/v2.11.4/caddy_2.11.4_linux_amd64.tar.gz"
url_api = "https://api.github.com/repos/caddyserver/caddy/releases/assets/436912315"

[tools.caddy."platforms.macos-arm64"]
checksum = "sha256:9efb0af2d6cf09cfb5053c0e51721b9b3d4956d346234f39368d943d25a3c9a7"
url = "https://github.com/caddyserver/caddy/releases/download/v2.11.4/caddy_2.11.4_mac_arm64.tar.gz"
url_api = "https://api.github.com/repos/caddyserver/caddy/releases/assets/436912311"

[tools.caddy."platforms.macos-x64"]
checksum = "sha256:34bc9e5cceee8d67844ef51da624f5b79e8d070f27236e050c3f0066a2dba534"
url = "https://github.com/caddyserver/caddy/releases/download/v2.11.4/caddy_2.11.4_mac_amd64.tar.gz"
url_api = "https://api.github.com/repos/caddyserver/caddy/releases/assets/436912339"

[tools.caddy."platforms.windows-x64"]
checksum = "sha256:1708333f79e274c7697285afe6d592ab39314e0b131e9ec6bea08ad27df62ebf"
url = "https://github.com/caddyserver/caddy/releases/download/v2.11.4/caddy_2.11.4_windows_amd64.zip"
url_api = "https://api.github.com/repos/caddyserver/caddy/releases/assets/436912304"

[[tools.deno]]
version = "2.9.6"
backend = "core:deno"
specifiers = ["2.9.6"]

[tools.deno."platforms.linux-arm64"]
checksum = "sha256:9a46afc6c392c7cd2ff71a31558935545b46408d0e87f7a86908c712721c046e"
url = "https://dl.deno.land/release/v2.9.6/deno-aarch64-unknown-linux-gnu.zip"

[tools.deno."platforms.linux-arm64-musl"]
checksum = "sha256:9a46afc6c392c7cd2ff71a31558935545b46408d0e87f7a86908c712721c046e"
url = "https://dl.deno.land/release/v2.9.6/deno-aarch64-unknown-linux-gnu.zip"

[tools.deno."platforms.linux-x64"]
checksum = "sha256:394f07f4da2bebe6ce6f1e7ce0fa16429b29b08c35e3fac3fe25972676dff4b2"
url = "https://dl.deno.land/release/v2.9.6/deno-x86_64-unknown-linux-gnu.zip"

[tools.deno."platforms.linux-x64-musl"]
checksum = "sha256:394f07f4da2bebe6ce6f1e7ce0fa16429b29b08c35e3fac3fe25972676dff4b2"
url = "https://dl.deno.land/release/v2.9.6/deno-x86_64-unknown-linux-gnu.zip"

[tools.deno."platforms.macos-arm64"]
checksum = "sha256:213a2f304f04d3c9cb5220669afad138f60a5aab1fe80962abdeb8f35807a472"
url = "https://dl.deno.land/release/v2.9.6/deno-aarch64-apple-darwin.zip"

[tools.deno."platforms.macos-x64"]
checksum = "sha256:7d4524b82bcc557fe020a1a5b56956ed42b992ae5b28026e8ad5d17329533f5f"
url = "https://dl.deno.land/release/v2.9.6/deno-x86_64-apple-darwin.zip"

[tools.deno."platforms.windows-x64"]
checksum = "sha256:15e5300b0ba3c3695a7621d90160a746ec9e710228cee639afa9d580f6e3cd11"
url = "https://dl.deno.land/release/v2.9.6/deno-x86_64-pc-windows-msvc.zip"

[[tools.editorconfig-checker]]
version = "4.0.2"
backend = "github:editorconfig-checker/editorconfig-checker"
specifiers = ["latest"]

[tools.editorconfig-checker."platforms.linux-arm64"]
checksum = "sha256:abad76da8c9950fdc2a314bcd66969172aa823e9c595fa7e3a389a91e34d025e"
url = "https://github.com/editorconfig-checker/editorconfig-checker/releases/download/v4.0.2/editorconfig-checker-linux-arm64.tar.gz"
url_api = "https://api.github.com/repos/editorconfig-checker/editorconfig-checker/releases/assets/574675779"
provenance = "github-attestations"

[tools.editorconfig-checker."platforms.linux-arm64-musl"]
checksum = "sha256:abad76da8c9950fdc2a314bcd66969172aa823e9c595fa7e3a389a91e34d025e"
url = "https://github.com/editorconfig-checker/editorconfig-checker/releases/download/v4.0.2/editorconfig-checker-linux-arm64.tar.gz"
url_api = "https://api.github.com/repos/editorconfig-checker/editorconfig-checker/releases/assets/574675779"
provenance = "github-attestations"

[tools.editorconfig-checker."platforms.linux-x64"]
checksum = "sha256:44efaef3ed14c6ab52eb87481d78e5e5c204796dccf26e2f4598a61ba17f8003"
url = "https://github.com/editorconfig-checker/editorconfig-checker/releases/download/v4.0.2/editorconfig-checker-linux-amd64.tar.gz"
url_api = "https://api.github.com/repos/editorconfig-checker/editorconfig-checker/releases/assets/574675771"
provenance = "github-attestations"

[tools.editorconfig-checker."platforms.linux-x64-musl"]
checksum = "sha256:44efaef3ed14c6ab52eb87481d78e5e5c204796dccf26e2f4598a61ba17f8003"
url = "https://github.com/editorconfig-checker/editorconfig-checker/releases/download/v4.0.2/editorconfig-checker-linux-amd64.tar.gz"
url_api = "https://api.github.com/repos/editorconfig-checker/editorconfig-checker/releases/assets/574675771"
provenance = "github-attestations"

[tools.editorconfig-checker."platforms.macos-arm64"]
checksum = "sha256:ff59f57717d95fc62b8e372c8051dbbb766f7d660942409a85d027b0feb2422c"
url = "https://github.com/editorconfig-checker/editorconfig-checker/releases/download/v4.0.2/editorconfig-checker-darwin-all.tar.gz"
url_api = "https://api.github.com/repos/editorconfig-checker/editorconfig-checker/releases/assets/574675773"
provenance = "github-attestations"

[tools.editorconfig-checker."platforms.macos-x64"]
checksum = "sha256:ff59f57717d95fc62b8e372c8051dbbb766f7d660942409a85d027b0feb2422c"
url = "https://github.com/editorconfig-checker/editorconfig-checker/releases/download/v4.0.2/editorconfig-checker-darwin-all.tar.gz"
url_api = "https://api.github.com/repos/editorconfig-checker/editorconfig-checker/releases/assets/574675773"
provenance = "github-attestations"

[tools.editorconfig-checker."platforms.windows-x64"]
checksum = "sha256:857f8f74dfc259d73dac93573e37cf3ce01150787d7b139bf839549cc6b5beb9"
url = "https://github.com/editorconfig-checker/editorconfig-checker/releases/download/v4.0.2/editorconfig-checker-windows-amd64.zip"
url_api = "https://api.github.com/repos/editorconfig-checker/editorconfig-checker/releases/assets/574675794"
provenance = "github-attestations"

[[tools.ghalint]]
version = "1.5.6"
backend = "aqua:suzuki-shunsuke/ghalint"
specifiers = ["latest"]

[tools.ghalint."platforms.linux-arm64"]
checksum = "sha256:203a22c70b40bb161626973ad2a8dd06aeb736699fc8e03dd425dee8ff3406e6"
url = "https://github.com/suzuki-shunsuke/ghalint/releases/download/v1.5.6/ghalint_1.5.6_linux_arm64.tar.gz"
url_api = "https://api.github.com/repos/suzuki-shunsuke/ghalint/releases/assets/409631231"

[tools.ghalint."platforms.linux-arm64".provenance.slsa]
url = "https://github.com/suzuki-shunsuke/ghalint/releases/download/v1.5.6/multiple.intoto.jsonl"

[tools.ghalint."platforms.linux-arm64-musl"]
checksum = "sha256:203a22c70b40bb161626973ad2a8dd06aeb736699fc8e03dd425dee8ff3406e6"
url = "https://github.com/suzuki-shunsuke/ghalint/releases/download/v1.5.6/ghalint_1.5.6_linux_arm64.tar.gz"
url_api = "https://api.github.com/repos/suzuki-shunsuke/ghalint/releases/assets/409631231"

[tools.ghalint."platforms.linux-arm64-musl".provenance.slsa]
url = "https://github.com/suzuki-shunsuke/ghalint/releases/download/v1.5.6/multiple.intoto.jsonl"

[tools.ghalint."platforms.linux-x64"]
checksum = "sha256:98ee0e3330de7286f470d1e89c03ff7ce70d7a5998ba0f15969c400447be579c"
url = "https://github.com/suzuki-shunsuke/ghalint/releases/download/v1.5.6/ghalint_1.5.6_linux_amd64.tar.gz"
url_api = "https://api.github.com/repos/suzuki-shunsuke/ghalint/releases/assets/409631220"

[tools.ghalint."platforms.linux-x64".provenance.slsa]
url = "https://github.com/suzuki-shunsuke/ghalint/releases/download/v1.5.6/multiple.intoto.jsonl"

[tools.ghalint."platforms.linux-x64-musl"]
checksum = "sha256:98ee0e3330de7286f470d1e89c03ff7ce70d7a5998ba0f15969c400447be579c"
url = "https://github.com/suzuki-shunsuke/ghalint/releases/download/v1.5.6/ghalint_1.5.6_linux_amd64.tar.gz"
url_api = "https://api.github.com/repos/suzuki-shunsuke/ghalint/releases/assets/409631220"

[tools.ghalint."platforms.linux-x64-musl".provenance.slsa]
url = "https://github.com/suzuki-shunsuke/ghalint/releases/download/v1.5.6/multiple.intoto.jsonl"

[tools.ghalint."platforms.macos-arm64"]
checksum = "sha256:1262cac411e27b4653e6b66b7b06580ebcc2026fdd903e12e6cb0e4591639de6"
url = "https://github.com/suzuki-shunsuke/ghalint/releases/download/v1.5.6/ghalint_1.5.6_darwin_arm64.tar.gz"
url_api = "https://api.github.com/repos/suzuki-shunsuke/ghalint/releases/assets/409631219"

[tools.ghalint."platforms.macos-arm64".provenance.slsa]
url = "https://github.com/suzuki-shunsuke/ghalint/releases/download/v1.5.6/multiple.intoto.jsonl"

[tools.ghalint."platforms.macos-x64"]
checksum = "sha256:d2a0e8605333068065dcf4c9b7b7a24891eda1750ac01fb755dfba426a390883"
url = "https://github.com/suzuki-shunsuke/ghalint/releases/download/v1.5.6/ghalint_1.5.6_darwin_amd64.tar.gz"
url_api = "https://api.github.com/repos/suzuki-shunsuke/ghalint/releases/assets/409631204"

[tools.ghalint."platforms.macos-x64".provenance.slsa]
url = "https://github.com/suzuki-shunsuke/ghalint/releases/download/v1.5.6/multiple.intoto.jsonl"

[tools.ghalint."platforms.windows-x64"]
checksum = "sha256:109ea9b39c8e263cef924bd3b4fe5505964204f934ca60d986f4090d01a99ba5"
url = "https://github.com/suzuki-shunsuke/ghalint/releases/download/v1.5.6/ghalint_1.5.6_windows_amd64.zip"
url_api = "https://api.github.com/repos/suzuki-shunsuke/ghalint/releases/assets/409631234"

[tools.ghalint."platforms.windows-x64".provenance.slsa]
url = "https://github.com/suzuki-shunsuke/ghalint/releases/download/v1.5.6/multiple.intoto.jsonl"

[[tools."github:docker/docker-language-server"]]
version = "0.20.1"
backend = "github:docker/docker-language-server"
specifiers = ["latest"]

[tools."github:docker/docker-language-server"."platforms.linux-arm64"]
checksum = "sha256:bd56c7815e0a22cfb708669f3d5e817de91d9b54039ff7e52867142a132ad8d7"
url = "https://github.com/docker/docker-language-server/releases/download/v0.20.1/docker-language-server-linux-arm64-v0.20.1"
url_api = "https://api.github.com/repos/docker/docker-language-server/releases/assets/304258709"

[tools."github:docker/docker-language-server"."platforms.linux-arm64-musl"]
checksum = "sha256:bd56c7815e0a22cfb708669f3d5e817de91d9b54039ff7e52867142a132ad8d7"
url = "https://github.com/docker/docker-language-server/releases/download/v0.20.1/docker-language-server-linux-arm64-v0.20.1"
url_api = "https://api.github.com/repos/docker/docker-language-server/releases/assets/304258709"

[tools."github:docker/docker-language-server"."platforms.linux-x64"]
checksum = "sha256:01907aa5b0eae11e44cffea0a993d08aa155542a9af570295dd1dff39e67692a"
url = "https://github.com/docker/docker-language-server/releases/download/v0.20.1/docker-language-server-linux-amd64-v0.20.1"
url_api = "https://api.github.com/repos/docker/docker-language-server/releases/assets/304258571"

[tools."github:docker/docker-language-server"."platforms.linux-x64-musl"]
checksum = "sha256:01907aa5b0eae11e44cffea0a993d08aa155542a9af570295dd1dff39e67692a"
url = "https://github.com/docker/docker-language-server/releases/download/v0.20.1/docker-language-server-linux-amd64-v0.20.1"
url_api = "https://api.github.com/repos/docker/docker-language-server/releases/assets/304258571"

[tools."github:docker/docker-language-server"."platforms.macos-arm64"]
checksum = "sha256:5a9d48fd2b1334d7d20a62faf542e611cca32dc79a478553ad65c27437467fac"
url = "https://github.com/docker/docker-language-server/releases/download/v0.20.1/docker-language-server-darwin-arm64-v0.20.1"
url_api = "https://api.github.com/repos/docker/docker-language-server/releases/assets/304258708"

[tools."github:docker/docker-language-server"."platforms.macos-x64"]
checksum = "sha256:2dbaec15645e940d1e02092f5b5e10148531a6206225e71faab7bfe71130b457"
url = "https://github.com/docker/docker-language-server/releases/download/v0.20.1/docker-language-server-darwin-amd64-v0.20.1"
url_api = "https://api.github.com/repos/docker/docker-language-server/releases/assets/304258720"

[tools."github:docker/docker-language-server"."platforms.windows-x64"]
checksum = "sha256:3c1e5019cbd9779341d39c94589d058434ef295b3a1a0c0e89bdfb7ae4d59e2e"
url = "https://github.com/docker/docker-language-server/releases/download/v0.20.1/docker-language-server-windows-amd64-v0.20.1.exe"
url_api = "https://api.github.com/repos/docker/docker-language-server/releases/assets/304258700"

[[tools.hadolint]]
version = "2.15.1"
backend = "aqua:hadolint/hadolint"
specifiers = ["latest"]

[tools.hadolint."platforms.linux-arm64"]
checksum = "sha256:f6198ef8090f404dbb771abfee086eb8c48ac177f30da7fd3510aca35b344b5d"
url = "https://github.com/hadolint/hadolint/releases/download/v2.15.1/hadolint-linux-arm64"
url_api = "https://api.github.com/repos/hadolint/hadolint/releases/assets/496546507"
provenance = "github-attestations"

[tools.hadolint."platforms.linux-arm64-musl"]
checksum = "sha256:f6198ef8090f404dbb771abfee086eb8c48ac177f30da7fd3510aca35b344b5d"
url = "https://github.com/hadolint/hadolint/releases/download/v2.15.1/hadolint-linux-arm64"
url_api = "https://api.github.com/repos/hadolint/hadolint/releases/assets/496546507"
provenance = "github-attestations"

[tools.hadolint."platforms.linux-x64"]
checksum = "sha256:c7187db94eeeeca956519a6af171adc31453941a1e777961f6e680f697c8c507"
url = "https://github.com/hadolint/hadolint/releases/download/v2.15.1/hadolint-linux-x86_64"
url_api = "https://api.github.com/repos/hadolint/hadolint/releases/assets/496546506"
provenance = "github-attestations"

[tools.hadolint."platforms.linux-x64-musl"]
checksum = "sha256:c7187db94eeeeca956519a6af171adc31453941a1e777961f6e680f697c8c507"
url = "https://github.com/hadolint/hadolint/releases/download/v2.15.1/hadolint-linux-x86_64"
url_api = "https://api.github.com/repos/hadolint/hadolint/releases/assets/496546506"
provenance = "github-attestations"

[tools.hadolint."platforms.macos-arm64"]
checksum = "sha256:5c09f3213f8e40406abe048233d985eebef336d4a6a20021be47fadb6cf480a2"
url = "https://github.com/hadolint/hadolint/releases/download/v2.15.1/hadolint-macos-arm64"
url_api = "https://api.github.com/repos/hadolint/hadolint/releases/assets/496546505"
provenance = "github-attestations"

[tools.hadolint."platforms.macos-x64"]
checksum = "sha256:ffe9bb18b23d5ed1eae50237aecdbb523d016e96da0bd4e7aa432040acfc3fde"
url = "https://github.com/hadolint/hadolint/releases/download/v2.15.1/hadolint-macos-x86_64"
url_api = "https://api.github.com/repos/hadolint/hadolint/releases/assets/496546509"
provenance = "github-attestations"

[tools.hadolint."platforms.windows-x64"]
checksum = "sha256:01d927294962b5387f9ead4f18679158452be4f17c765ad0bdffe5264b9c7b0a"
url = "https://github.com/hadolint/hadolint/releases/download/v2.15.1/hadolint-windows-x86_64.exe"
url_api = "https://api.github.com/repos/hadolint/hadolint/releases/assets/496546508"
provenance = "github-attestations"

[[tools.hk]]
version = "2.1.0"
backend = "packslip:github.com/jdx/hk"
specifiers = ["latest"]

[tools.hk."platforms.linux-arm64"]
checksum = "sha256:7ffb155147a8a9dae1b571fb31a5d19a35d0175afb5fe3e5b2c652ebf67feb9f"
url = "https://github.com/jdx/hk/releases/download/v2.1.0/hk-aarch64-unknown-linux-gnu.tar.gz"
signer = "sigstore-oidc:https://github.com/jdx/hk/.github/workflows/release.yml"

[tools.hk."platforms.linux-arm64-musl"]
checksum = "sha256:8417655fd02f8311bcad9efab7594d4b6d7cca1c4d00cd1576f12ad5e40dac06"
url = "https://github.com/jdx/hk/releases/download/v2.1.0/hk-aarch64-unknown-linux-musl.tar.gz"
signer = "sigstore-oidc:https://github.com/jdx/hk/.github/workflows/release.yml"

[tools.hk."platforms.linux-x64"]
checksum = "sha256:7a7b28741d16f777d8be90fbcd8523996ee95c2d5222d5b173652d9b37e31969"
url = "https://github.com/jdx/hk/releases/download/v2.1.0/hk-x86_64-unknown-linux-gnu.tar.gz"
signer = "sigstore-oidc:https://github.com/jdx/hk/.github/workflows/release.yml"

[tools.hk."platforms.linux-x64-musl"]
checksum = "sha256:ab5a8fa2819fe3a1762576ac557b9797e1fe587b41a1f93c50e4dfa9f5b89e76"
url = "https://github.com/jdx/hk/releases/download/v2.1.0/hk-x86_64-unknown-linux-musl.tar.gz"
signer = "sigstore-oidc:https://github.com/jdx/hk/.github/workflows/release.yml"

[tools.hk."platforms.macos-arm64"]
checksum = "sha256:b30c6fb4447b5a9c24f9f80d165dca2d2e682907b8acb8222391e0527fea1ebe"
url = "https://github.com/jdx/hk/releases/download/v2.1.0/hk-aarch64-apple-darwin.tar.gz"
signer = "sigstore-oidc:https://github.com/jdx/hk/.github/workflows/release.yml"

[tools.hk."platforms.windows-x64"]
checksum = "sha256:c0344c09c76f7e25985c4770148130881b19313393d238949e5512ec3691fac3"
url = "https://github.com/jdx/hk/releases/download/v2.1.0/hk-x86_64-pc-windows-msvc.zip"
signer = "sigstore-oidc:https://github.com/jdx/hk/.github/workflows/release.yml"

[[tools.jq]]
version = "1.8.2"
backend = "aqua:jqlang/jq"
specifiers = ["latest"]

[tools.jq."platforms.linux-arm64"]
checksum = "sha256:8b85c817833814ddca00a144c33705546355afccf0cf39b188f3cdb48b852309"
url = "https://github.com/jqlang/jq/releases/download/jq-1.8.2/jq-linux-arm64"
url_api = "https://api.github.com/repos/jqlang/jq/releases/assets/453012756"
provenance = "github-attestations"

[tools.jq."platforms.linux-arm64-musl"]
checksum = "sha256:8b85c817833814ddca00a144c33705546355afccf0cf39b188f3cdb48b852309"
url = "https://github.com/jqlang/jq/releases/download/jq-1.8.2/jq-linux-arm64"
url_api = "https://api.github.com/repos/jqlang/jq/releases/assets/453012756"
provenance = "github-attestations"

[tools.jq."platforms.linux-x64"]
checksum = "sha256:b1c22172dd303f3be49e935aa56aa48a8b7a46e0bc838b4997d3bb451495870f"
url = "https://github.com/jqlang/jq/releases/download/jq-1.8.2/jq-linux-amd64"
url_api = "https://api.github.com/repos/jqlang/jq/releases/assets/453012752"
provenance = "github-attestations"

[tools.jq."platforms.linux-x64-musl"]
checksum = "sha256:b1c22172dd303f3be49e935aa56aa48a8b7a46e0bc838b4997d3bb451495870f"
url = "https://github.com/jqlang/jq/releases/download/jq-1.8.2/jq-linux-amd64"
url_api = "https://api.github.com/repos/jqlang/jq/releases/assets/453012752"
provenance = "github-attestations"

[tools.jq."platforms.macos-arm64"]
checksum = "sha256:2d75340ba57a4b4b4c8708a21c2dc8e958a48aaa8bba13b27f77f6e4c0eca07e"
url = "https://github.com/jqlang/jq/releases/download/jq-1.8.2/jq-macos-arm64"
url_api = "https://api.github.com/repos/jqlang/jq/releases/assets/453012783"
provenance = "github-attestations"

[tools.jq."platforms.macos-x64"]
checksum = "sha256:e94b266e3c26690550006abe63152b782280f4e14374accdf04cbde844f00bc0"
url = "https://github.com/jqlang/jq/releases/download/jq-1.8.2/jq-macos-amd64"
url_api = "https://api.github.com/repos/jqlang/jq/releases/assets/453012782"
provenance = "github-attestations"

[tools.jq."platforms.windows-x64"]
checksum = "sha256:a6fc67fedaf9128a3309a1e2ebb8b986aeccf70122ee46d2cb4849e423f0c627"
url = "https://github.com/jqlang/jq/releases/download/jq-1.8.2/jq-windows-amd64.exe"
url_api = "https://api.github.com/repos/jqlang/jq/releases/assets/453012788"
provenance = "github-attestations"

[[tools.node]]
version = "24.21.0"
backend = "core:node"
specifiers = ["lts"]

[tools.node."platforms.linux-arm64"]
checksum = "sha256:724282c3b43aec998aa9527380465b45d229e021b58035f5f4f63095eabfe5d5"
url = "https://nodejs.org/dist/v24.21.0/node-v24.21.0-linux-arm64.tar.gz"

[tools.node."platforms.linux-arm64-musl"]
checksum = "sha256:3048b0811e158ca0d8672b59c839861763e144492980d8d29b369dfee45747e4"
url = "https://unofficial-builds.nodejs.org/download/release/v24.21.0/node-v24.21.0-linux-arm64-musl.tar.gz"

[tools.node."platforms.linux-x64"]
checksum = "sha256:6e1db87ef58b8819e5d5402eff1536491b18edd8eb7bee5ef7897876e88dc5ff"
url = "https://nodejs.org/dist/v24.21.0/node-v24.21.0-linux-x64.tar.gz"

[tools.node."platforms.linux-x64-musl"]
checksum = "sha256:01a713e34da98e7b4d2a3191ee7ca3f93dd0384d1a2ef23c379b2161ee6e133a"
url = "https://unofficial-builds.nodejs.org/download/release/v24.21.0/node-v24.21.0-linux-x64-musl.tar.gz"

[tools.node."platforms.macos-arm64"]
checksum = "sha256:bed7eea5325e1108f32ce5228ddd6a5f0f08a499ee42aa7442aea583702f6057"
url = "https://nodejs.org/dist/v24.21.0/node-v24.21.0-darwin-arm64.tar.gz"

[tools.node."platforms.macos-x64"]
checksum = "sha256:1462cb3b3046b815cf8ea436d3da450ec1a9f11dac7e5a46b0ada5305d7e8097"
url = "https://nodejs.org/dist/v24.21.0/node-v24.21.0-darwin-x64.tar.gz"

[tools.node."platforms.windows-x64"]
checksum = "sha256:158f7685b44de51f6c0df1d153526cbcd3e1bc739a8dfc607721cef75de9e541"
url = "https://nodejs.org/dist/v24.21.0/node-v24.21.0-win-x64.zip"

[[tools."npm:@tailwindcss/language-server"]]
version = "0.16.0"
aube = { path = ".mise/locks/npm-tailwindcss-language-server/0.16.0", digest = "sha256:fc4d7ea57df94cfd16f73e26409d8070d4a9383fda9b9e92533a3e3df5c705fe" }
backend = "npm:@tailwindcss/language-server"
specifiers = ["latest"]

[[tools."npm:yaml-language-server"]]
version = "1.24.0"
aube = { path = ".mise/locks/npm-yaml-language-server/1.24.0", digest = "sha256:3927457c9029c683e6d49eb8289a8fdcf1c220531a4999a90bd4cf2157699491" }
backend = "npm:yaml-language-server"
specifiers = ["latest"]

[[tools.pinact]]
version = "5.0.0"
backend = "aqua:suzuki-shunsuke/pinact"
specifiers = ["latest"]

[tools.pinact."platforms.linux-arm64"]
checksum = "sha256:d28ca5e9ddd7950da4a808288f8a83f84fc3ca40e86bab970f3adeef33578c0b"
url = "https://github.com/suzuki-shunsuke/pinact/releases/download/v5.0.0/pinact_linux_arm64.tar.gz"
url_api = "https://api.github.com/repos/suzuki-shunsuke/pinact/releases/assets/558638070"
provenance = "github-attestations"

[tools.pinact."platforms.linux-arm64-musl"]
checksum = "sha256:d28ca5e9ddd7950da4a808288f8a83f84fc3ca40e86bab970f3adeef33578c0b"
url = "https://github.com/suzuki-shunsuke/pinact/releases/download/v5.0.0/pinact_linux_arm64.tar.gz"
url_api = "https://api.github.com/repos/suzuki-shunsuke/pinact/releases/assets/558638070"
provenance = "github-attestations"

[tools.pinact."platforms.linux-x64"]
checksum = "sha256:d005bbb85da80dacdc07816f24a5da723a9f6d1e9f3d3e7e73df33f9caa1358f"
url = "https://github.com/suzuki-shunsuke/pinact/releases/download/v5.0.0/pinact_linux_amd64.tar.gz"
url_api = "https://api.github.com/repos/suzuki-shunsuke/pinact/releases/assets/558638065"
provenance = "github-attestations"

[tools.pinact."platforms.linux-x64-musl"]
checksum = "sha256:d005bbb85da80dacdc07816f24a5da723a9f6d1e9f3d3e7e73df33f9caa1358f"
url = "https://github.com/suzuki-shunsuke/pinact/releases/download/v5.0.0/pinact_linux_amd64.tar.gz"
url_api = "https://api.github.com/repos/suzuki-shunsuke/pinact/releases/assets/558638065"
provenance = "github-attestations"

[tools.pinact."platforms.macos-arm64"]
checksum = "sha256:3437ebfc9db720e431e86fd03ed19173b88dcb80b0f177d11a892126108661b5"
url = "https://github.com/suzuki-shunsuke/pinact/releases/download/v5.0.0/pinact_darwin_arm64.tar.gz"
url_api = "https://api.github.com/repos/suzuki-shunsuke/pinact/releases/assets/558638064"
provenance = "github-attestations"

[tools.pinact."platforms.macos-x64"]
checksum = "sha256:da5532bd185a9d3a16a1f93774f835574e0c50bc74c2085b9917b9df3e9fbbaa"
url = "https://github.com/suzuki-shunsuke/pinact/releases/download/v5.0.0/pinact_darwin_amd64.tar.gz"
url_api = "https://api.github.com/repos/suzuki-shunsuke/pinact/releases/assets/558638050"
provenance = "github-attestations"

[tools.pinact."platforms.windows-x64"]
checksum = "sha256:df2f590f24c2bfe65a35010bffb4369ba0792c9afaf7fb324b2330895a37d19f"
url = "https://github.com/suzuki-shunsuke/pinact/releases/download/v5.0.0/pinact_windows_amd64.zip"
url_api = "https://api.github.com/repos/suzuki-shunsuke/pinact/releases/assets/558638100"
provenance = "github-attestations"

[[tools.pkl]]
version = "0.32.1"
backend = "aqua:apple/pkl"
specifiers = ["latest"]

[tools.pkl."platforms.linux-arm64"]
checksum = "sha256:a76d2dd47da435a8f911b0347373f47c7e59ea54fb75ff846d20b8df10dba058"
url = "https://github.com/apple/pkl/releases/download/0.32.1/pkl-linux-aarch64"
url_api = "https://api.github.com/repos/apple/pkl/releases/assets/487426568"

[tools.pkl."platforms.linux-arm64-musl"]
checksum = "sha256:a76d2dd47da435a8f911b0347373f47c7e59ea54fb75ff846d20b8df10dba058"
url = "https://github.com/apple/pkl/releases/download/0.32.1/pkl-linux-aarch64"
url_api = "https://api.github.com/repos/apple/pkl/releases/assets/487426568"

[tools.pkl."platforms.linux-x64"]
checksum = "sha256:3180b62da95c0cad1d904e9bb6c5f4a8f9032413c21e53194bb91ff1ee5f3211"
url = "https://github.com/apple/pkl/releases/download/0.32.1/pkl-linux-amd64"
url_api = "https://api.github.com/repos/apple/pkl/releases/assets/487426567"

[tools.pkl."platforms.linux-x64-musl"]
checksum = "sha256:3180b62da95c0cad1d904e9bb6c5f4a8f9032413c21e53194bb91ff1ee5f3211"
url = "https://github.com/apple/pkl/releases/download/0.32.1/pkl-linux-amd64"
url_api = "https://api.github.com/repos/apple/pkl/releases/assets/487426567"

[tools.pkl."platforms.macos-arm64"]
checksum = "sha256:563eb51c9a20b16a3625464ed745c675ed9750381f2126722696a0d7cac1d9d3"
url = "https://github.com/apple/pkl/releases/download/0.32.1/pkl-macos-aarch64"
url_api = "https://api.github.com/repos/apple/pkl/releases/assets/487426570"

[tools.pkl."platforms.macos-x64"]
checksum = "sha256:5b74b903234047960144f66f2cebdd12d267d9b98e8155ed91d2ae5ed27e2d1f"
url = "https://github.com/apple/pkl/releases/download/0.32.1/pkl-macos-amd64"
url_api = "https://api.github.com/repos/apple/pkl/releases/assets/487426599"

[tools.pkl."platforms.windows-x64"]
checksum = "sha256:8550a00fcf027335e42c5e2cd553b88e98845408cb1880b3e3d1860caf46d22a"
url = "https://github.com/apple/pkl/releases/download/0.32.1/pkl-windows-amd64.exe"
url_api = "https://api.github.com/repos/apple/pkl/releases/assets/487426668"

[[tools.rumdl]]
version = "0.2.77"
backend = "aqua:rvben/rumdl"
specifiers = ["latest"]

[tools.rumdl."platforms.linux-arm64"]
checksum = "sha256:04569b09b8e7eb31f6a410b0a17e448f220906c5e8e13e8301319c3540fd4d29"
url = "https://github.com/rvben/rumdl/releases/download/v0.2.77/rumdl-v0.2.77-aarch64-unknown-linux-gnu.tar.gz"
url_api = "https://api.github.com/repos/rvben/rumdl/releases/assets/583859182"
provenance = "github-attestations"

[tools.rumdl."platforms.linux-arm64-musl"]
checksum = "sha256:cd7e0cd23697c4c0e915fb65b3566f71b4a2a0e90a392b193c418971e9ed399f"
url = "https://github.com/rvben/rumdl/releases/download/v0.2.77/rumdl-v0.2.77-aarch64-unknown-linux-musl.tar.gz"
url_api = "https://api.github.com/repos/rvben/rumdl/releases/assets/583859181"
provenance = "github-attestations"

[tools.rumdl."platforms.linux-x64"]
checksum = "sha256:cbe5cea929fbb58b64bb428a464b069f3fe12645545adedc8932e738c8bbe862"
url = "https://github.com/rvben/rumdl/releases/download/v0.2.77/rumdl-v0.2.77-x86_64-unknown-linux-gnu.tar.gz"
url_api = "https://api.github.com/repos/rvben/rumdl/releases/assets/583859172"
provenance = "github-attestations"

[tools.rumdl."platforms.linux-x64-musl"]
checksum = "sha256:0a516c0590dfd2f3cb0abfc42580464c7fadb9e631cbdffbcc5c2546ae885ad0"
url = "https://github.com/rvben/rumdl/releases/download/v0.2.77/rumdl-v0.2.77-x86_64-unknown-linux-musl.tar.gz"
url_api = "https://api.github.com/repos/rvben/rumdl/releases/assets/583859184"
provenance = "github-attestations"

[tools.rumdl."platforms.macos-arm64"]
checksum = "sha256:52744729012b44514b3b4de1431839035d7018464899c5b09627204eebfb73bb"
url = "https://github.com/rvben/rumdl/releases/download/v0.2.77/rumdl-v0.2.77-aarch64-apple-darwin.tar.gz"
url_api = "https://api.github.com/repos/rvben/rumdl/releases/assets/583859185"
provenance = "github-attestations"

[tools.rumdl."platforms.macos-x64"]
checksum = "sha256:0951dbddfa6a28274d202581f136884474fc7225349519f7ad0eb6038c4dc8ab"
url = "https://github.com/rvben/rumdl/releases/download/v0.2.77/rumdl-v0.2.77-x86_64-apple-darwin.tar.gz"
url_api = "https://api.github.com/repos/rvben/rumdl/releases/assets/583859176"
provenance = "github-attestations"

[tools.rumdl."platforms.windows-x64"]
checksum = "sha256:8b4d0f45e67c5b17aecfe992335d285019095d3f2994befc9ea44ee4cde981c2"
url = "https://github.com/rvben/rumdl/releases/download/v0.2.77/rumdl-v0.2.77-x86_64-pc-windows-msvc.zip"
url_api = "https://api.github.com/repos/rvben/rumdl/releases/assets/583859183"
provenance = "github-attestations"

[[tools.shellcheck]]
version = "0.11.0"
backend = "aqua:koalaman/shellcheck"
specifiers = ["latest"]

[tools.shellcheck."platforms.linux-arm64"]
checksum = "sha256:12b331c1d2db6b9eb13cfca64306b1b157a86eb69db83023e261eaa7e7c14588"
url = "https://github.com/koalaman/shellcheck/releases/download/v0.11.0/shellcheck-v0.11.0.linux.aarch64.tar.xz"
url_api = "https://api.github.com/repos/koalaman/shellcheck/releases/assets/279056934"

[tools.shellcheck."platforms.linux-arm64-musl"]
checksum = "sha256:12b331c1d2db6b9eb13cfca64306b1b157a86eb69db83023e261eaa7e7c14588"
url = "https://github.com/koalaman/shellcheck/releases/download/v0.11.0/shellcheck-v0.11.0.linux.aarch64.tar.xz"
url_api = "https://api.github.com/repos/koalaman/shellcheck/releases/assets/279056934"

[tools.shellcheck."platforms.linux-x64"]
checksum = "sha256:8c3be12b05d5c177a04c29e3c78ce89ac86f1595681cab149b65b97c4e227198"
url = "https://github.com/koalaman/shellcheck/releases/download/v0.11.0/shellcheck-v0.11.0.linux.x86_64.tar.xz"
url_api = "https://api.github.com/repos/koalaman/shellcheck/releases/assets/279056942"

[tools.shellcheck."platforms.linux-x64-musl"]
checksum = "sha256:8c3be12b05d5c177a04c29e3c78ce89ac86f1595681cab149b65b97c4e227198"
url = "https://github.com/koalaman/shellcheck/releases/download/v0.11.0/shellcheck-v0.11.0.linux.x86_64.tar.xz"
url_api = "https://api.github.com/repos/koalaman/shellcheck/releases/assets/279056942"

[tools.shellcheck."platforms.macos-arm64"]
checksum = "sha256:56affdd8de5527894dca6dc3d7e0a99a873b0f004d7aabc30ae407d3f48b0a79"
url = "https://github.com/koalaman/shellcheck/releases/download/v0.11.0/shellcheck-v0.11.0.darwin.aarch64.tar.xz"
url_api = "https://api.github.com/repos/koalaman/shellcheck/releases/assets/279056932"

[tools.shellcheck."platforms.macos-x64"]
checksum = "sha256:3c89db4edcab7cf1c27bff178882e0f6f27f7afdf54e859fa041fca10febe4c6"
url = "https://github.com/koalaman/shellcheck/releases/download/v0.11.0/shellcheck-v0.11.0.darwin.x86_64.tar.xz"
url_api = "https://api.github.com/repos/koalaman/shellcheck/releases/assets/279056930"

[tools.shellcheck."platforms.windows-x64"]
checksum = "sha256:8a4e35ab0b331c85d73567b12f2a444df187f483e5079ceffa6bda1faa2e740e"
url = "https://github.com/koalaman/shellcheck/releases/download/v0.11.0/shellcheck-v0.11.0.zip"
url_api = "https://api.github.com/repos/koalaman/shellcheck/releases/assets/279056944"

[[tools.tombi]]
version = "1.5.5"
backend = "aqua:tombi-toml/tombi"
specifiers = ["latest"]

[tools.tombi."platforms.linux-arm64"]
checksum = "sha256:a545a471cec6baf982bcb8e274d097303cece1a72136ada79d240adb6d1354f6"
url = "https://github.com/tombi-toml/tombi/releases/download/v1.5.5/tombi-cli-1.5.5-aarch64-unknown-linux-musl.tar.gz"
url_api = "https://api.github.com/repos/tombi-toml/tombi/releases/assets/559313379"
provenance = "github-attestations"

[tools.tombi."platforms.linux-arm64-musl"]
checksum = "sha256:a545a471cec6baf982bcb8e274d097303cece1a72136ada79d240adb6d1354f6"
url = "https://github.com/tombi-toml/tombi/releases/download/v1.5.5/tombi-cli-1.5.5-aarch64-unknown-linux-musl.tar.gz"
url_api = "https://api.github.com/repos/tombi-toml/tombi/releases/assets/559313379"
provenance = "github-attestations"

[tools.tombi."platforms.linux-x64"]
checksum = "sha256:6c50d2589989e8182e9f6e774b4b25c9f5729b67a2a7e7dcaadddbedbe1da5ec"
url = "https://github.com/tombi-toml/tombi/releases/download/v1.5.5/tombi-cli-1.5.5-x86_64-unknown-linux-musl.tar.gz"
url_api = "https://api.github.com/repos/tombi-toml/tombi/releases/assets/559313407"
provenance = "github-attestations"

[tools.tombi."platforms.linux-x64-musl"]
checksum = "sha256:6c50d2589989e8182e9f6e774b4b25c9f5729b67a2a7e7dcaadddbedbe1da5ec"
url = "https://github.com/tombi-toml/tombi/releases/download/v1.5.5/tombi-cli-1.5.5-x86_64-unknown-linux-musl.tar.gz"
url_api = "https://api.github.com/repos/tombi-toml/tombi/releases/assets/559313407"
provenance = "github-attestations"

[tools.tombi."platforms.macos-arm64"]
checksum = "sha256:460b3269414d2ca26e05863908764f118bea3b4a52068081af6a3dae03c1320e"
url = "https://github.com/tombi-toml/tombi/releases/download/v1.5.5/tombi-cli-1.5.5-aarch64-apple-darwin.tar.gz"
url_api = "https://api.github.com/repos/tombi-toml/tombi/releases/assets/559313381"
provenance = "github-attestations"

[tools.tombi."platforms.macos-x64"]
checksum = "sha256:9276c456e4a0217e95fb84ac3cde29d281d7b53e5eb168d83cb038ec07e2083d"
url = "https://github.com/tombi-toml/tombi/releases/download/v1.5.5/tombi-cli-1.5.5-x86_64-apple-darwin.tar.gz"
url_api = "https://api.github.com/repos/tombi-toml/tombi/releases/assets/559313375"
provenance = "github-attestations"

[tools.tombi."platforms.windows-x64"]
checksum = "sha256:49e8aa14e82038a13c5f9f50cc6524b56b9bce167734bead31439939e0830a3b"
url = "https://github.com/tombi-toml/tombi/releases/download/v1.5.5/tombi-cli-1.5.5-x86_64-pc-windows-msvc.zip"
url_api = "https://api.github.com/repos/tombi-toml/tombi/releases/assets/559313401"
provenance = "github-attestations"

[[tools.typos]]
version = "1.50.2"
backend = "aqua:crate-ci/typos"
specifiers = ["latest"]

[tools.typos."platforms.linux-arm64"]
checksum = "sha256:27c4b6d0ba6f37d120ce32117777d703fc9d57ba71f16e8bcde5b35c987cf9b8"
url = "https://github.com/crate-ci/typos/releases/download/v1.50.2/typos-v1.50.2-aarch64-unknown-linux-musl.tar.gz"
url_api = "https://api.github.com/repos/crate-ci/typos/releases/assets/565799446"

[tools.typos."platforms.linux-arm64-musl"]
checksum = "sha256:27c4b6d0ba6f37d120ce32117777d703fc9d57ba71f16e8bcde5b35c987cf9b8"
url = "https://github.com/crate-ci/typos/releases/download/v1.50.2/typos-v1.50.2-aarch64-unknown-linux-musl.tar.gz"
url_api = "https://api.github.com/repos/crate-ci/typos/releases/assets/565799446"

[tools.typos."platforms.linux-x64"]
checksum = "sha256:abcb3e257c7c2abeff4d903f7fe68071357637605bdb283ce2251f44bc70dc09"
url = "https://github.com/crate-ci/typos/releases/download/v1.50.2/typos-v1.50.2-x86_64-unknown-linux-musl.tar.gz"
url_api = "https://api.github.com/repos/crate-ci/typos/releases/assets/565795694"

[tools.typos."platforms.linux-x64-musl"]
checksum = "sha256:abcb3e257c7c2abeff4d903f7fe68071357637605bdb283ce2251f44bc70dc09"
url = "https://github.com/crate-ci/typos/releases/download/v1.50.2/typos-v1.50.2-x86_64-unknown-linux-musl.tar.gz"
url_api = "https://api.github.com/repos/crate-ci/typos/releases/assets/565795694"

[tools.typos."platforms.macos-arm64"]
checksum = "sha256:70d61e9d682034133f0aa56f5a02bae0de168495f3cce62a87054aa7186c1901"
url = "https://github.com/crate-ci/typos/releases/download/v1.50.2/typos-v1.50.2-aarch64-apple-darwin.tar.gz"
url_api = "https://api.github.com/repos/crate-ci/typos/releases/assets/565802016"

[tools.typos."platforms.macos-x64"]
checksum = "sha256:7480a081e51d428d94f560ef8b855ae0decb7c35cc686925ed887c5f51b1ecf1"
url = "https://github.com/crate-ci/typos/releases/download/v1.50.2/typos-v1.50.2-x86_64-apple-darwin.tar.gz"
url_api = "https://api.github.com/repos/crate-ci/typos/releases/assets/565800683"

[tools.typos."platforms.windows-x64"]
checksum = "sha256:8474ca8bd72df497b7dee2272345bdea0d4926b18b708faea492fc9bcfd0b0e9"
url = "https://github.com/crate-ci/typos/releases/download/v1.50.2/typos-v1.50.2-x86_64-pc-windows-msvc.zip"
url_api = "https://api.github.com/repos/crate-ci/typos/releases/assets/565798642"

[[tools.zizmor]]
version = "1.30.1"
backend = "aqua:zizmorcore/zizmor"
specifiers = ["latest"]

[tools.zizmor."platforms.linux-arm64"]
checksum = "sha256:7ff1dce33bdd18fd2a4affe63bdd47efcccca97b2cec1c1863ec26e9e2647540"
url = "https://github.com/zizmorcore/zizmor/releases/download/v1.30.1/zizmor-aarch64-unknown-linux-gnu.tar.gz"
url_api = "https://api.github.com/repos/zizmorcore/zizmor/releases/assets/552067643"
provenance = "github-attestations"

[tools.zizmor."platforms.linux-arm64-musl"]
provenance = "github-attestations"

[tools.zizmor."platforms.linux-x64"]
checksum = "sha256:e65324f4430c2717591937edcec90ccbefaf14c174f8ec9415e03ca875b46e1a"
url = "https://github.com/zizmorcore/zizmor/releases/download/v1.30.1/zizmor-x86_64-unknown-linux-gnu.tar.gz"
url_api = "https://api.github.com/repos/zizmorcore/zizmor/releases/assets/552067642"
provenance = "github-attestations"

[tools.zizmor."platforms.linux-x64-musl"]
provenance = "github-attestations"

[tools.zizmor."platforms.macos-arm64"]
checksum = "sha256:e28d22b087f9ebb8d99da6e740d348c930f559961c7c3f12badda54f882195a2"
url = "https://github.com/zizmorcore/zizmor/releases/download/v1.30.1/zizmor-aarch64-apple-darwin.tar.gz"
url_api = "https://api.github.com/repos/zizmorcore/zizmor/releases/assets/552067640"
provenance = "github-attestations"

[tools.zizmor."platforms.macos-x64"]
checksum = "sha256:10e6b18b11ea07e515a16f0f0518c7b07527bc9977c1fd5698181ce7f3554202"
url = "https://github.com/zizmorcore/zizmor/releases/download/v1.30.1/zizmor-x86_64-apple-darwin.tar.gz"
url_api = "https://api.github.com/repos/zizmorcore/zizmor/releases/assets/552067641"
provenance = "github-attestations"

[tools.zizmor."platforms.windows-x64"]
checksum = "sha256:b183b1e996eddfab9659f1e9b46e059f1ef1cf984a1f14e5da09f7876a4b3a1c"
url = "https://github.com/zizmorcore/zizmor/releases/download/v1.30.1/zizmor-x86_64-pc-windows-msvc.zip"
url_api = "https://api.github.com/repos/zizmorcore/zizmor/releases/assets/552067645"
provenance = "github-attestations"
