lockfileVersion: '9.0'

settings:
  autoInstallPeers: true
  excludeLinksFromLockfile: false

importers:

  .:
    dependencies:
      '@tailwindcss/language-server':
        specifier: 0.16.0
        version: 0.16.0

packages:

  '@tailwindcss/language-server@0.16.0':
    resolution: {integrity: sha512-ko2xr4nlFIkqwJFnnw7hfdpjbsnK0DOk+QEEI51tvKOCF97OG0RU59iGfadoaOoY6I9xkSMbTW+AAwgnGnLH3w==}
    engines: {node: '>=18.0.0'}
    hasBin: true

snapshots:

  '@tailwindcss/language-server@0.16.0': {}
